# THIS IS AN AUTOGENERATED FILE. DO NOT EDIT THIS FILE DIRECTLY.
# yarn lockfile v1


"@babel/runtime@^7.4.4", "@babel/runtime@^7.5.5", "@babel/runtime@^7.8.7":
  version "7.20.6"
  resolved "https://registry.yarnpkg.com/@babel/runtime/-/runtime-7.20.6.tgz#facf4879bfed9b5326326273a64220f099b0fce3"
  integrity sha512-Q+8MqP7TiHMWzSfwiJwXCjyf4GYA4Dgw3emg/7xmwsdLJOZUp+nMqcOwOzzYheuM1rhDu8FSj2l0aoMygEuXuA==
  dependencies:
    regenerator-runtime "^0.13.11"

"@emotion/cache@^11.0.0":
  version "11.10.5"
  resolved "https://registry.yarnpkg.com/@emotion/cache/-/cache-11.10.5.tgz#c142da9351f94e47527ed458f7bbbbe40bb13c12"
  integrity sha512-dGYHWyzTdmK+f2+EnIGBpkz1lKc4Zbj2KHd4cX3Wi8/OWr5pKslNjc3yABKH4adRGCvSX4VDC0i04mrrq0aiRA==
  dependencies:
    "@emotion/memoize" "^0.8.0"
    "@emotion/sheet" "^1.2.1"
    "@emotion/utils" "^1.2.0"
    "@emotion/weak-memoize" "^0.3.0"
    stylis "4.1.3"

"@emotion/memoize@^0.8.0":
  version "0.8.0"
  resolved "https://registry.yarnpkg.com/@emotion/memoize/-/memoize-0.8.0.tgz#f580f9beb67176fa57aae70b08ed510e1b18980f"
  integrity sha512-G/YwXTkv7Den9mXDO7AhLWkE3q+I92B+VqAE+dYG4NGPaHZGvt3G8Q0p9vmE+sq7rTGphUbAvmQ9YpbfMQGGlA==

"@emotion/sheet@^1.2.1":
  version "1.2.1"
  resolved "https://registry.yarnpkg.com/@emotion/sheet/-/sheet-1.2.1.tgz#0767e0305230e894897cadb6c8df2c51e61a6c2c"
  integrity sha512-zxRBwl93sHMsOj4zs+OslQKg/uhF38MB+OMKoCrVuS0nyTkqnau+BM3WGEoOptg9Oz45T/aIGs1qbVAsEFo3nA==

"@emotion/utils@^1.2.0":
  version "1.2.0"
  resolved "https://registry.yarnpkg.com/@emotion/utils/-/utils-1.2.0.tgz#9716eaccbc6b5ded2ea5a90d65562609aab0f561"
  integrity sha512-sn3WH53Kzpw8oQ5mgMmIzzyAaH2ZqFEbozVVBSYp538E06OSE6ytOp7pRAjNQR+Q/orwqdQYJSe2m3hCOeznkw==

"@emotion/weak-memoize@^0.3.0":
  version "0.3.0"
  resolved "https://registry.yarnpkg.com/@emotion/weak-memoize/-/weak-memoize-0.3.0.tgz#ea89004119dc42db2e1dba0f97d553f7372f6fcb"
  integrity sha512-AHPmaAx+RYfZz0eYu6Gviiagpmiyw98ySSlQvCUhVGDRtDFe4DBS0x1bSjdF3gqUDYOczB+yYvBTtEylYSdRhg==

"@material-ui/core@^5.0.0":
  version "5.0.0-alpha.38"
  resolved "https://registry.yarnpkg.com/@material-ui/core/-/core-5.0.0-alpha.38.tgz#a74eb5ac3979417dc77ac1b300d31a9d7c6fe49a"
  integrity sha512-ny/SnP4CxIeCMxiQNedo7dr3XVr07EroIA33p8AnbBhPCGWC8QRRsUNceiUjKZTWx2VumPcmWTlCzLtN14KpIw==
  dependencies:
    "@babel/runtime" "^7.4.4"
    "@material-ui/system" "5.0.0-alpha.38"
    "@material-ui/types" "6.0.1"
    "@material-ui/unstyled" "5.0.0-alpha.38"
    "@material-ui/utils" "5.0.0-alpha.36"
    "@popperjs/core" "^2.4.4"
    "@types/react-transition-group" "^4.2.0"
    clsx "^1.0.4"
    csstype "^3.0.2"
    hoist-non-react-statics "^3.3.2"
    prop-types "^15.7.2"
    react-is "^17.0.0"
    react-transition-group "^4.4.0"

"@material-ui/private-theming@5.0.0-alpha.36":
  version "5.0.0-alpha.36"
  resolved "https://registry.yarnpkg.com/@material-ui/private-theming/-/private-theming-5.0.0-alpha.36.tgz#bf184273665fc18c9ced168a3c031af8bdb02d79"
  integrity sha512-YpHL0Z9fnk2ARdsPBFiTVTyRc94w4xVZuS+ncw/JRw1x4dtV2h10fdXoN2CxSnu+dxDw0BerDk0dDIAIaEc7OQ==
  dependencies:
    "@babel/runtime" "^7.4.4"
    "@material-ui/utils" "5.0.0-alpha.36"
    prop-types "^15.7.2"

"@material-ui/styled-engine@5.0.0-alpha.34":
  version "5.0.0-alpha.34"
  resolved "https://registry.yarnpkg.com/@material-ui/styled-engine/-/styled-engine-5.0.0-alpha.34.tgz#d1cee8130b2adb14d68cd8107744cdc027ee4b6f"
  integrity sha512-1j+4tIxS6x3McJ+3O9mxwzjkci/uu09nnON7ZDgqX9O3f15D8CP8cmAy0PDm47M4utMwIqj+EaS4Y6d2PZWF5Q==
  dependencies:
    "@babel/runtime" "^7.4.4"
    "@emotion/cache" "^11.0.0"
    prop-types "^15.7.2"

"@material-ui/system@5.0.0-alpha.38":
  version "5.0.0-alpha.38"
  resolved "https://registry.yarnpkg.com/@material-ui/system/-/system-5.0.0-alpha.38.tgz#a4f4938ca1c059acb1ba31e849cc613344b21fe9"
  integrity sha512-W0F6qkopixj7NRsxFeYJ3HE/AxWe9TswY043WYUYBON21X0VCczRNMknWWj9TXqkm0X9OMQnT8qFQOiu3vCXYw==
  dependencies:
    "@babel/runtime" "^7.4.4"
    "@material-ui/private-theming" "5.0.0-alpha.36"
    "@material-ui/styled-engine" "5.0.0-alpha.34"
    "@material-ui/types" "6.0.1"
    "@material-ui/utils" "5.0.0-alpha.36"
    clsx "^1.0.4"
    csstype "^3.0.2"
    prop-types "^15.7.2"

"@material-ui/types@6.0.1":
  version "6.0.1"
  resolved "https://registry.yarnpkg.com/@material-ui/types/-/types-6.0.1.tgz#bfcdcd3bb5091e5feac2b191db516543d84e26af"
  integrity sha512-t53C2BZE59e8ao38EDIZdM2smPDSEo5Xx9XxQ/MNM9Ph63Mu4vj5pmECiXkYp0y2OrvFiiZhcqRWV34SBOA18g==

"@material-ui/unstyled@5.0.0-alpha.38":
  version "5.0.0-alpha.38"
  resolved "https://registry.yarnpkg.com/@material-ui/unstyled/-/unstyled-5.0.0-alpha.38.tgz#9ba4986a149bb74b85720c6532fea302889351f8"
  integrity sha512-eQvK72gndxJoQVpc4PorZ+6f1vxkRPgeGFlmuLDP8LZiP1YTn+zh3Z/s+jNQSpi/Kw2kdbOtf7a1jDe2rmuDZg==
  dependencies:
    "@babel/runtime" "^7.4.4"
    "@material-ui/utils" "5.0.0-alpha.36"
    clsx "^1.0.4"
    prop-types "^15.7.2"
    react-is "^17.0.0"

"@material-ui/utils@5.0.0-alpha.36":
  version "5.0.0-alpha.36"
  resolved "https://registry.yarnpkg.com/@material-ui/utils/-/utils-5.0.0-alpha.36.tgz#ce8109f863bea3e66f20c22832c8fa678182f160"
  integrity sha512-HnDeA1C4u4DwPGXJrCaqhgOGV2lezrmodTUkKB7gd5l2Cjd1V/RmsOEB37e/k15oPA8PwDeWlQzhsppMcr1jlw==
  dependencies:
    "@babel/runtime" "^7.4.4"
    "@types/prop-types" "^15.7.3"
    "@types/react-is" "^16.7.1 || ^17.0.0"
    prop-types "^15.7.2"
    react-is "^17.0.0"

"@popperjs/core@^2.4.4":
  version "2.11.6"
  resolved "https://registry.yarnpkg.com/@popperjs/core/-/core-2.11.6.tgz#cee20bd55e68a1720bdab363ecf0c821ded4cd45"
  integrity sha512-50/17A98tWUfQ176raKiOGXuYpLyyVMkxxG6oylzL3BPOlA6ADGdK7EYunSa4I064xerltq9TGXs8HmOk5E+vw==

"@remix-run/router@1.1.0":
  version "1.1.0"
  resolved "https://registry.yarnpkg.com/@remix-run/router/-/router-1.1.0.tgz#b48db8148c8a888e50580a8152b6f68161c49406"
  integrity sha512-rGl+jH/7x1KBCQScz9p54p0dtPLNeKGb3e0wD2H5/oZj41bwQUnXdzbj2TbUAFhvD7cp9EyEQA4dEgpUFa1O7Q==

"@types/prop-types@*", "@types/prop-types@^15.7.3":
  version "15.7.5"
  resolved "https://registry.yarnpkg.com/@types/prop-types/-/prop-types-15.7.5.tgz#5f19d2b85a98e9558036f6a3cacc8819420f05cf"
  integrity sha512-JCB8C6SnDoQf0cNycqd/35A7MjcnK+ZTqE7judS6o7utxUCg6imJg3QK2qzHKszlTjcj2cn+NwMB2i96ubpj7w==

"@types/react-is@^16.7.1 || ^17.0.0":
  version "17.0.3"
  resolved "https://registry.yarnpkg.com/@types/react-is/-/react-is-17.0.3.tgz#2d855ba575f2fc8d17ef9861f084acc4b90a137a"
  integrity sha512-aBTIWg1emtu95bLTLx0cpkxwGW3ueZv71nE2YFBpL8k/z5czEW8yYpOo8Dp+UUAFAtKwNaOsh/ioSeQnWlZcfw==
  dependencies:
    "@types/react" "*"

"@types/react-transition-group@^4.2.0":
  version "4.4.5"
  resolved "https://registry.yarnpkg.com/@types/react-transition-group/-/react-transition-group-4.4.5.tgz#aae20dcf773c5aa275d5b9f7cdbca638abc5e416"
  integrity sha512-juKD/eiSM3/xZYzjuzH6ZwpP+/lejltmiS3QEzV/vmb/Q8+HfDmxu+Baga8UEMGBqV88Nbg4l2hY/K2DkyaLLA==
  dependencies:
    "@types/react" "*"

"@types/react@*":
  version "18.0.26"
  resolved "https://registry.yarnpkg.com/@types/react/-/react-18.0.26.tgz#8ad59fc01fef8eaf5c74f4ea392621749f0b7917"
  integrity sha512-hCR3PJQsAIXyxhTNSiDFY//LhnMZWpNNr5etoCqx/iUfGc5gXWtQR2Phl908jVR6uPXacojQWTg4qRpkxTuGug==
  dependencies:
    "@types/prop-types" "*"
    "@types/scheduler" "*"
    csstype "^3.0.2"

"@types/scheduler@*":
  version "0.16.2"
  resolved "https://registry.yarnpkg.com/@types/scheduler/-/scheduler-0.16.2.tgz#1a62f89525723dde24ba1b01b092bf5df8ad4d39"
  integrity sha512-hppQEBDmlwhFAXKJX2KnWLYu5yMfi91yazPb2l+lbJiwW+wdo1gNeRA+3RgNSO39WYX2euey41KEwnqesU2Jew==

clsx@^1.0.4:
  version "1.2.1"
  resolved "https://registry.yarnpkg.com/clsx/-/clsx-1.2.1.tgz#0ddc4a20a549b59c93a4116bb26f5294ca17dc12"
  integrity sha512-EcR6r5a8bj6pu3ycsa/E/cKVGuTgZJZdsyUYHOksG/UHIiKfjxzRxYJpyVBwYaQeOvghal9fcc4PidlgzugAQg==

csstype@^3.0.2:
  version "3.1.1"
  resolved "https://registry.yarnpkg.com/csstype/-/csstype-3.1.1.tgz#841b532c45c758ee546a11d5bd7b7b473c8c30b9"
  integrity sha512-DJR/VvkAvSZW9bTouZue2sSxDwdTN92uHjqeKVm+0dAqdfNykRzQ95tay8aXMBAAPpUiq4Qcug2L7neoRh2Egw==

dom-helpers@^5.0.1:
  version "5.2.1"
  resolved "https://registry.yarnpkg.com/dom-helpers/-/dom-helpers-5.2.1.tgz#d9400536b2bf8225ad98fe052e029451ac40e902"
  integrity sha512-nRCa7CK3VTrM2NmGkIy4cbK7IZlgBE/PYMn55rrXefr5xXDP0LdtfPnblFDoVdcAfslJ7or6iqAUnx0CCGIWQA==
  dependencies:
    "@babel/runtime" "^7.8.7"
    csstype "^3.0.2"

hoist-non-react-statics@^3.3.2:
  version "3.3.2"
  resolved "https://registry.yarnpkg.com/hoist-non-react-statics/-/hoist-non-react-statics-3.3.2.tgz#ece0acaf71d62c2969c2ec59feff42a4b1a85b45"
  integrity sha512-/gGivxi8JPKWNm/W0jSmzcMPpfpPLc3dY/6GxhX2hQ9iGj3aDfklV4ET7NjKpSinLpJ5vafa9iiGIEZg10SfBw==
  dependencies:
    react-is "^16.7.0"

"js-tokens@^3.0.0 || ^4.0.0":
  version "4.0.0"
  resolved "https://registry.yarnpkg.com/js-tokens/-/js-tokens-4.0.0.tgz#19203fb59991df98e3a287050d4647cdeaf32499"
  integrity sha512-RdJUflcE3cUzKiMqQgsCu06FPu9UdIJO0beYbPhHN4k6apgJtifcoCtT9bcxOpYBtpD2kCM6Sbzg4CausW/PKQ==

loose-envify@^1.1.0, loose-envify@^1.4.0:
  version "1.4.0"
  resolved "https://registry.yarnpkg.com/loose-envify/-/loose-envify-1.4.0.tgz#71ee51fa7be4caec1a63839f7e682d8132d30caf"
  integrity sha512-lyuxPGr/Wfhrlem2CL/UcnUc1zcqKAImBDzukY7Y5F/yQiNdko6+fRLevlw1HgMySw7f611UIY408EtxRSoK3Q==
  dependencies:
    js-tokens "^3.0.0 || ^4.0.0"

object-assign@^4.1.1:
  version "4.1.1"
  resolved "https://registry.yarnpkg.com/object-assign/-/object-assign-4.1.1.tgz#2109adc7965887cfc05cbbd442cac8bfbb360863"
  integrity sha512-rJgTQnkUnH1sFw8yT6VSU3zD3sWmu6sZhIseY8VX+GRu3P6F7Fu+JNDoXfklElbLJSnc3FUQHVe4cU5hj+BcUg==

prop-types@^15.6.2, prop-types@^15.7.2:
  version "15.8.1"
  resolved "https://registry.yarnpkg.com/prop-types/-/prop-types-15.8.1.tgz#67d87bf1a694f48435cf332c24af10214a3140b5"
  integrity sha512-oj87CgZICdulUohogVAR7AjlC0327U4el4L6eAvOqCeudMDVU0NThNaV+b9Df4dXgSP1gXMTnPdhfe/2qDH5cg==
  dependencies:
    loose-envify "^1.4.0"
    object-assign "^4.1.1"
    react-is "^16.13.1"

react-dom@^17.0.1:
  version "17.0.2"
  resolved "https://registry.yarnpkg.com/react-dom/-/react-dom-17.0.2.tgz#ecffb6845e3ad8dbfcdc498f0d0a939736502c23"
  integrity sha512-s4h96KtLDUQlsENhMn1ar8t2bEa+q/YAtj8pPPdIjPDGBDIVNsrD9aXNWqspUe6AzKCIG0C1HZZLqLV7qpOBGA==
  dependencies:
    loose-envify "^1.1.0"
    object-assign "^4.1.1"
    scheduler "^0.20.2"

react-is@^16.13.1, react-is@^16.7.0:
  version "16.13.1"
  resolved "https://registry.yarnpkg.com/react-is/-/react-is-16.13.1.tgz#789729a4dc36de2999dc156dd6c1d9c18cea56a4"
  integrity sha512-24e6ynE2H+OKt4kqsOvNd8kBpV65zoxbA4BVsEOB3ARVWQki/DHzaUoC5KuON/BiccDaCCTZBuOcfZs70kR8bQ==

react-is@^17.0.0:
  version "17.0.2"
  resolved "https://registry.yarnpkg.com/react-is/-/react-is-17.0.2.tgz#e691d4a8e9c789365655539ab372762b0efb54f0"
  integrity sha512-w2GsyukL62IJnlaff/nRegPQR94C/XXamvMWmSHRJ4y7Ts/4ocGRmTHvOs8PSE6pB3dWOrD/nueuU5sduBsQ4w==

react-router-dom@^6.1.2:
  version "6.5.0"
  resolved "https://registry.yarnpkg.com/react-router-dom/-/react-router-dom-6.5.0.tgz#3970bdcaa7c710a6e0b478a833ba0b4b8ae61a6f"
  integrity sha512-/XzRc5fq80gW1ctiIGilyKFZC/j4kfe75uivMsTChFbkvrK4ZrF3P3cGIc1f/SSkQ4JiJozPrf+AwUHHWVehVg==
  dependencies:
    "@remix-run/router" "1.1.0"
    react-router "6.5.0"

react-router@6.5.0:
  version "6.5.0"
  resolved "https://registry.yarnpkg.com/react-router/-/react-router-6.5.0.tgz#b53f15543a60750c925609d2e38037ac5aed6dd3"
  integrity sha512-fqqUSU0NC0tSX0sZbyuxzuAzvGqbjiZItBQnyicWlOUmzhAU8YuLgRbaCL2hf3sJdtRy4LP/WBrWtARkMvdGPQ==
  dependencies:
    "@remix-run/router" "1.1.0"

react-transition-group@^4.4.0:
  version "4.4.5"
  resolved "https://registry.yarnpkg.com/react-transition-group/-/react-transition-group-4.4.5.tgz#e53d4e3f3344da8521489fbef8f2581d42becdd1"
  integrity sha512-pZcd1MCJoiKiBR2NRxeCRg13uCXbydPnmB4EOeRrY7480qNWO8IIgQG6zlDkm6uRMsURXPuKq0GWtiM59a5Q6g==
  dependencies:
    "@babel/runtime" "^7.5.5"
    dom-helpers "^5.0.1"
    loose-envify "^1.4.0"
    prop-types "^15.6.2"

react@^17.0.1:
  version "17.0.2"
  resolved "https://registry.yarnpkg.com/react/-/react-17.0.2.tgz#d0b5cc516d29eb3eee383f75b62864cfb6800037"
  integrity sha512-gnhPt75i/dq/z3/6q/0asP78D0u592D5L1pd7M8P+dck6Fu/jJeL6iVVK23fptSUZj8Vjf++7wXA8UNclGQcbA==
  dependencies:
    loose-envify "^1.1.0"
    object-assign "^4.1.1"

regenerator-runtime@^0.13.11:
  version "0.13.11"
  resolved "https://registry.yarnpkg.com/regenerator-runtime/-/regenerator-runtime-0.13.11.tgz#f6dca3e7ceec20590d07ada785636a90cdca17f9"
  integrity sha512-kY1AZVr2Ra+t+piVaJ4gxaFaReZVH40AKNo7UCX6W+dEwBo/2oZJzqfuN1qLq1oL45o56cPaTXELwrTh8Fpggg==

scheduler@^0.20.2:
  version "0.20.2"
  resolved "https://registry.yarnpkg.com/scheduler/-/scheduler-0.20.2.tgz#4baee39436e34aa93b4874bddcbf0fe8b8b50e91"
  integrity sha512-2eWfGgAqqWFGqtdMmcL5zCMK1U8KlXv8SQFGglL3CEtd0aDVDWgeF/YoCmvln55m5zSk3J/20hTaSBeSObsQDQ==
  dependencies:
    loose-envify "^1.1.0"
    object-assign "^4.1.1"

stylis@4.1.3:
  version "4.1.3"
  resolved "https://registry.yarnpkg.com/stylis/-/stylis-4.1.3.tgz#fd2fbe79f5fed17c55269e16ed8da14c84d069f7"
  integrity sha512-GP6WDNWf+o403jrEp9c5jibKavrtLW+/qYGhFxFrG8maXhwTBI7gLLhiBb0o7uFccWN+EOS9aMO6cGHWAO07OA==
